{
  "name": "pi-personal",
  "lockfileVersion": 3,
  "requires": true,
  "packages": {
    "": {
      "name": "pi-personal",
      "dependencies": {
        "highlight.svelte": "^0.1.3"
      }
    },
    "node_modules/highlight.svelte": {
      "version": "0.1.3",
      "resolved": "https://registry.npmjs.org/highlight.svelte/-/highlight.svelte-0.1.3.tgz",
      "integrity": "sha512-OwRPl7P+EJ+/PJpqcsPmaeQ7if6hCpSkmk38AKZl0x88kA7M5g5jvs0linK1yGbdo+bgrdDryQFAYZv/uopLZQ==",
      "license": "MIT"
    }
  }
}
